// !$*UTF8*$!
{
	archiveVersion = 1;
	classes = {
	};
	objectVersion = 50;
	objects = {

/* Begin PBXBuildFile section */
		1813050321928A03007B55BB /* AppDelegate.m in Sources */ = {isa = PBXBuildFile; fileRef = 1813050221928A03007B55BB /* AppDelegate.m */; };
		1813050621928A03007B55BB /* ViewController.m in Sources */ = {isa = PBXBuildFile; fileRef = 1813050521928A03007B55BB /* ViewController.m */; };
		1813050921928A03007B55BB /* Main.storyboard in Resources */ = {isa = PBXBuildFile; fileRef = 1813050721928A03007B55BB /* Main.storyboard */; };
		1813050B21928A05007B55BB /* Assets.xcassets in Resources */ = {isa = PBXBuildFile; fileRef = 1813050A21928A05007B55BB /* Assets.xcassets */; };
		1813050E21928A05007B55BB /* LaunchScreen.storyboard in Resources */ = {isa = PBXBuildFile; fileRef = 1813050C21928A05007B55BB /* LaunchScreen.storyboard */; };
		1813051121928A05007B55BB /* main.m in Sources */ = {isa = PBXBuildFile; fileRef = 1813051021928A05007B55BB /* main.m */; };
		1813051921928AF0007B55BB /* ZSWCameraController.m in Sources */ = {isa = PBXBuildFile; fileRef = 1813051821928AF0007B55BB /* ZSWCameraController.m */; };
		1813051C2192C950007B55BB /* ZSWCameraTool.m in Sources */ = {isa = PBXBuildFile; fileRef = 1813051B2192C950007B55BB /* ZSWCameraTool.m */; };
		1813051F2192D282007B55BB /* ZSWPhotoController.m in Sources */ = {isa = PBXBuildFile; fileRef = 1813051E2192D282007B55BB /* ZSWPhotoController.m */; };
/* End PBXBuildFile section */

/* Begin PBXFileReference section */
		181304FE21928A03007B55BB /* AVCaptureCamera.app */ = {isa = PBXFileReference; explicitFileType = wrapper.application; includeInIndex = 0; path = AVCaptureCamera.app; sourceTree = BUILT_PRODUCTS_DIR; };
		1813050121928A03007B55BB /* AppDelegate.h */ = {isa = PBXFileReference; lastKnownFileType = sourcecode.c.h; path = AppDelegate.h; sourceTree = "<group>"; };
		1813050221928A03007B55BB /* AppDelegate.m */ = {isa = PBXFileReference; lastKnownFileType = sourcecode.c.objc; path = AppDelegate.m; sourceTree = "<group>"; };
		1813050421928A03007B55BB /* ViewController.h */ = {isa = PBXFileReference; lastKnownFileType = sourcecode.c.h; path = ViewController.h; sourceTree = "<group>"; };
		1813050521928A03007B55BB /* ViewController.m */ = {isa = PBXFileReference; lastKnownFileType = sourcecode.c.objc; path = ViewController.m; sourceTree = "<group>"; };
		1813050821928A03007B55BB /* Base */ = {isa = PBXFileReference; lastKnownFileType = file.storyboard; name = Base; path = Base.lproj/Main.storyboard; sourceTree = "<group>"; };
		1813050A21928A05007B55BB /* Assets.xcassets */ = {isa = PBXFileReference; lastKnownFileType = folder.assetcatalog; path = Assets.xcassets; sourceTree = "<group>"; };
		1813050D21928A05007B55BB /* Base */ = {isa = PBXFileReference; lastKnownFileType = file.storyboard; name = Base; path = Base.lproj/LaunchScreen.storyboard; sourceTree = "<group>"; };
		1813050F21928A05007B55BB /* Info.plist */ = {isa = PBXFileReference; lastKnownFileType = text.plist.xml; path = Info.plist; sourceTree = "<group>"; };
		1813051021928A05007B55BB /* main.m */ = {isa = PBXFileReference; lastKnownFileType = sourcecode.c.objc; path = main.m; sourceTree = "<group>"; };
		1813051721928AF0007B55BB /* ZSWCameraController.h */ = {isa = PBXFileReference; lastKnownFileType = sourcecode.c.h; path = ZSWCameraController.h; sourceTree = "<group>"; };
		1813051821928AF0007B55BB /* ZSWCameraController.m */ = {isa = PBXFileReference; lastKnownFileType = sourcecode.c.objc; path = ZSWCameraController.m; sourceTree = "<group>"; };
		1813051A2192C950007B55BB /* ZSWCameraTool.h */ = {isa = PBXFileReference; lastKnownFileType = sourcecode.c.h; path = ZSWCameraTool.h; sourceTree = "<group>"; };
		1813051B2192C950007B55BB /* ZSWCameraTool.m */ = {isa = PBXFileReference; lastKnownFileType = sourcecode.c.objc; path = ZSWCameraTool.m; sourceTree = "<group>"; };
		1813051D2192D282007B55BB /* ZSWPhotoController.h */ = {isa = PBXFileReference; lastKnownFileType = sourcecode.c.h; path = ZSWPhotoController.h; sourceTree = "<group>"; };
		1813051E2192D282007B55BB /* ZSWPhotoController.m */ = {isa = PBXFileReference; lastKnownFileType = sourcecode.c.objc; path = ZSWPhotoController.m; sourceTree = "<group>"; };
/* End PBXFileReference section */

/* Begin PBXFrameworksBuildPhase section */
		181304FB21928A03007B55BB /* Frameworks */ = {
			isa = PBXFrameworksBuildPhase;
			buildActionMask = 2147483647;
			files = (
			);
			runOnlyForDeploymentPostprocessing = 0;
		};
/* End PBXFrameworksBuildPhase section */

/* Begin PBXGroup section */
		181304F521928A03007B55BB = {
			isa = PBXGroup;
			children = (
				1813050021928A03007B55BB /* AVCaptureCamera */,
				181304FF21928A03007B55BB /* Products */,
			);
			sourceTree = "<group>";
		};
		181304FF21928A03007B55BB /* Products */ = {
			isa = PBXGroup;
			children = (
				181304FE21928A03007B55BB /* AVCaptureCamera.app */,
			);
			name = Products;
			sourceTree = "<group>";
		};
		1813050021928A03007B55BB /* AVCaptureCamera */ = {
			isa = PBXGroup;
			children = (
				1813050121928A03007B55BB /* AppDelegate.h */,
				1813050221928A03007B55BB /* AppDelegate.m */,
				1813050421928A03007B55BB /* ViewController.h */,
				1813050521928A03007B55BB /* ViewController.m */,
				1813051721928AF0007B55BB /* ZSWCameraController.h */,
				1813051821928AF0007B55BB /* ZSWCameraController.m */,
				1813051D2192D282007B55BB /* ZSWPhotoController.h */,
				1813051E2192D282007B55BB /* ZSWPhotoController.m */,
				1813051A2192C950007B55BB /* ZSWCameraTool.h */,
				1813051B2192C950007B55BB /* ZSWCameraTool.m */,
				1813050721928A03007B55BB /* Main.storyboard */,
				1813050A21928A05007B55BB /* Assets.xcassets */,
				1813050C21928A05007B55BB /* LaunchScreen.storyboard */,
				1813050F21928A05007B55BB /* Info.plist */,
				1813051021928A05007B55BB /* main.m */,
			);
			path = AVCaptureCamera;
			sourceTree = "<group>";
		};
/* End PBXGroup section */

/* Begin PBXNativeTarget section */
		181304FD21928A03007B55BB /* AVCaptureCamera */ = {
			isa = PBXNativeTarget;
			buildConfigurationList = 1813051421928A05007B55BB /* Build configuration list for PBXNativeTarget "AVCaptureCamera" */;
			buildPhases = (
				181304FA21928A03007B55BB /* Sources */,
				181304FB21928A03007B55BB /* Frameworks */,
				181304FC21928A03007B55BB /* Resources */,
			);
			buildRules = (
			);
			dependencies = (
			);
			name = AVCaptureCamera;
			productName = AVCaptureCamera;
			productReference = 181304FE21928A03007B55BB /* AVCaptureCamera.app */;
			productType = "com.apple.product-type.application";
		};
/* End PBXNativeTarget section */

/* Begin PBXProject section */
		181304F621928A03007B55BB /* Project object */ = {
			isa = PBXProject;
			attributes = {
				LastUpgradeCheck = 0940;
				ORGANIZATIONNAME = ZSW;
				TargetAttributes = {
					181304FD21928A03007B55BB = {
						CreatedOnToolsVersion = 9.4.1;
					};
				};
			};
			buildConfigurationList = 181304F921928A03007B55BB /* Build configuration list for PBXProject "AVCaptureCamera" */;
			compatibilityVersion = "Xcode 9.3";
			developmentRegion = en;
			hasScannedForEncodings = 0;
			knownRegions = (
				en,
				Base,
			);
			mainGroup = 181304F521928A03007B55BB;
			productRefGroup = 181304FF21928A03007B55BB /* Products */;
			projectDirPath = "";
			projectRoot = "";
			targets = (
				181304FD21928A03007B55BB /* AVCaptureCamera */,
			);
		};
/* End PBXProject section */

/* Begin PBXResourcesBuildPhase section */
		181304FC21928A03007B55BB /* Resources */ = {
			isa = PBXResourcesBuildPhase;
			buildActionMask = 2147483647;
			files = (
				1813050E21928A05007B55BB /* LaunchScreen.storyboard in Resources */,
				1813050B21928A05007B55BB /* Assets.xcassets in Resources */,
				1813050921928A03007B55BB /* Main.storyboard in Resources */,
			);
			runOnlyForDeploymentPostprocessing = 0;
		};
/* End PBXResourcesBuildPhase section */

/* Begin PBXSourcesBuildPhase section */
		181304FA21928A03007B55BB /* Sources */ = {
			isa = PBXSourcesBuildPhase;
			buildActionMask = 2147483647;
			files = (
				1813050621928A03007B55BB /* ViewController.m in Sources */,
				1813051F2192D282007B55BB /* ZSWPhotoController.m in Sources */,
				1813051921928AF0007B55BB /* ZSWCameraController.m in Sources */,
				1813051C2192C950007B55BB /* ZSWCameraTool.m in Sources */,
				1813051121928A05007B55BB /* main.m in Sources */,
				1813050321928A03007B55BB /* AppDelegate.m in Sources */,
			);
			runOnlyForDeploymentPostprocessing = 0;
		};
/* End PBXSourcesBuildPhase section */

/* Begin PBXVariantGroup section */
		1813050721928A03007B55BB /* Main.storyboard */ = {
			isa = PBXVariantGroup;
			children = (
				1813050821928A03007B55BB /* Base */,
			);
			name = Main.storyboard;
			sourceTree = "<group>";
		};
		1813050C21928A05007B55BB /* LaunchScreen.storyboard */ = {
			isa = PBXVariantGroup;
			children = (
				1813050D21928A05007B55BB /* Base */,
			);
			name = LaunchScreen.storyboard;
			sourceTree = "<group>";
		};
/* End PBXVariantGroup section */

/* Begin XCBuildConfiguration section */
		1813051221928A05007B55BB /* Debug */ = {
			isa = XCBuildConfiguration;
			buildSettings = {
				ALWAYS_SEARCH_USER_PATHS = NO;
				CLANG_ANALYZER_NONNULL = YES;
				CLANG_ANALYZER_NUMBER_OBJECT_CONVERSION = YES_AGGRESSIVE;
				CLANG_CXX_LANGUAGE_STANDARD = "gnu++14";
				CLANG_CXX_LIBRARY = "libc++";
				CLANG_ENABLE_MODULES = YES;
				CLANG_ENABLE_OBJC_ARC = YES;
				CLANG_ENABLE_OBJC_WEAK = YES;
				CLANG_WARN_BLOCK_CAPTURE_AUTORELEASING = YES;
				CLANG_WARN_BOOL_CONVERSION = YES;
				CLANG_WARN_COMMA = YES;
				CLANG_WARN_CONSTANT_CONVERSION = YES;
				CLANG_WARN_DEPRECATED_OBJC_IMPLEMENTATIONS = YES;
				CLANG_WARN_DIRECT_OBJC_ISA_USAGE = YES_ERROR;
				CLANG_WARN_DOCUMENTATION_COMMENTS = YES;
				CLANG_WARN_EMPTY_BODY = YES;
				CLANG_WARN_ENUM_CONVERSION = YES;
				CLANG_WARN_INFINITE_RECURSION = YES;
				CLANG_WARN_INT_CONVERSION = YES;
				CLANG_WARN_NON_LITERAL_NULL_CONVERSION = YES;
				CLANG_WARN_OBJC_IMPLICIT_RETAIN_SELF = YES;
				CLANG_WARN_OBJC_LITERAL_CONVERSION = YES;
				CLANG_WARN_OBJC_ROOT_CLASS = YES_ERROR;
				CLANG_WARN_RANGE_LOOP_ANALYSIS = YES;
				CLANG_WARN_STRICT_PROTOTYPES = YES;
				CLANG_WARN_SUSPICIOUS_MOVE = YES;
				CLANG_WARN_UNGUARDED_AVAILABILITY = YES_AGGRESSIVE;
				CLANG_WARN_UNREACHABLE_CODE = YES;
				CLANG_WARN__DUPLICATE_METHOD_MATCH = YES;
				CODE_SIGN_IDENTITY = "iPhone Developer";
				COPY_PHASE_STRIP = NO;
				DEBUG_INFORMATION_FORMAT = dwarf;
				ENABLE_STRICT_OBJC_MSGSEND = YES;
				ENABLE_TESTABILITY = YES;
				GCC_C_LANGUAGE_STANDARD = gnu11;
				GCC_DYNAMIC_NO_PIC = NO;
				GCC_NO_COMMON_BLOCKS = YES;
				GCC_OPTIMIZATION_LEVEL = 0;
				GCC_PREPROCESSOR_DEFINITIONS = (
					"DEBUG=1",
					"$(inherited)",
				);
				GCC_WARN_64_TO_32_BIT_CONVERSION = YES;
				GCC_WARN_ABOUT_RETURN_TYPE = YES_ERROR;
				GCC_WARN_UNDECLARED_SELECTOR = YES;
				GCC_WARN_UNINITIALIZED_AUTOS = YES_AGGRESSIVE;
				GCC_WARN_UNUSED_FUNCTION = YES;
				GCC_WARN_UNUSED_VARIABLE = YES;
				IPHONEOS_DEPLOYMENT_TARGET = 11.4;
				MTL_ENABLE_DEBUG_INFO = YES;
				ONLY_ACTIVE_ARCH = YES;
				SDKROOT = iphoneos;
			};
			name = Debug;
		};
		1813051321928A05007B55BB /* Release */ = {
			isa = XCBuildConfiguration;
			buildSettings = {
				ALWAYS_SEARCH_USER_PATHS = NO;
				CLANG_ANALYZER_NONNULL = YES;
				CLANG_ANALYZER_NUMBER_OBJECT_CONVERSION = YES_AGGRESSIVE;
				CLANG_CXX_LANGUAGE_STANDARD = "gnu++14";
				CLANG_CXX_LIBRARY = "libc++";
				CLANG_ENABLE_MODULES = YES;
				CLANG_ENABLE_OBJC_ARC = YES;
				CLANG_ENABLE_OBJC_WEAK = YES;
				CLANG_WARN_BLOCK_CAPTURE_AUTORELEASING = YES;
				CLANG_WARN_BOOL_CONVERSION = YES;
				CLANG_WARN_COMMA = YES;
				CLANG_WARN_CONSTANT_CONVERSION = YES;
				CLANG_WARN_DEPRECATED_OBJC_IMPLEMENTATIONS = YES;
				CLANG_WARN_DIRECT_OBJC_ISA_USAGE = YES_ERROR;
				CLANG_WARN_DOCUMENTATION_COMMENTS = YES;
				CLANG_WARN_EMPTY_BODY = YES;
				CLANG_WARN_ENUM_CONVERSION = YES;
				CLANG_WARN_INFINITE_RECURSION = YES;
				CLANG_WARN_INT_CONVERSION = YES;
				CLANG_WARN_NON_LITERAL_NULL_CONVERSION = YES;
				CLANG_WARN_OBJC_IMPLICIT_RETAIN_SELF = YES;
				CLANG_WARN_OBJC_LITERAL_CONVERSION = YES;
				CLANG_WARN_OBJC_ROOT_CLASS = YES_ERROR;
				CLANG_WARN_RANGE_LOOP_ANALYSIS = YES;
				CLANG_WARN_STRICT_PROTOTYPES = YES;
				CLANG_WARN_SUSPICIOUS_MOVE = YES;
				CLANG_WARN_UNGUARDED_AVAILABILITY = YES_AGGRESSIVE;
				CLANG_WARN_UNREACHABLE_CODE = YES;
				CLANG_WARN__DUPLICATE_METHOD_MATCH = YES;
				CODE_SIGN_IDENTITY = "iPhone Developer";
				COPY_PHASE_STRIP = NO;
				DEBUG_INFORMATION_FORMAT = "dwarf-with-dsym";
				ENABLE_NS_ASSERTIONS = NO;
				ENABLE_STRICT_OBJC_MSGSEND = YES;
				GCC_C_LANGUAGE_STANDARD = gnu11;
				GCC_NO_COMMON_BLOCKS = YES;
				GCC_WARN_64_TO_32_BIT_CONVERSION = YES;
				GCC_WARN_ABOUT_RETURN_TYPE = YES_ERROR;
				GCC_WARN_UNDECLARED_SELECTOR = YES;
				GCC_WARN_UNINITIALIZED_AUTOS = YES_AGGRESSIVE;
				GCC_WARN_UNUSED_FUNCTION = YES;
				GCC_WARN_UNUSED_VARIABLE = YES;
				IPHONEOS_DEPLOYMENT_TARGET = 11.4;
				MTL_ENABLE_DEBUG_INFO = NO;
				SDKROOT = iphoneos;
				VALIDATE_PRODUCT = YES;
			};
			name = Release;
		};
		1813051521928A05007B55BB /* Debug */ = {
			isa = XCBuildConfiguration;
			buildSettings = {
				ASSETCATALOG_COMPILER_APPICON_NAME = AppIcon;
				CODE_SIGN_STYLE = Automatic;
				DEVELOPMENT_TEAM = 8N83MF6J6M;
				INFOPLIST_FILE = AVCaptureCamera/Info.plist;
				IPHONEOS_DEPLOYMENT_TARGET = 8.0;
				LD_RUNPATH_SEARCH_PATHS = (
					"$(inherited)",
					"@executable_path/Frameworks",
				);
				PRODUCT_BUNDLE_IDENTIFIER = com.ZSW.TestProject.AVCaptureCamera;
				PRODUCT_NAME = "$(TARGET_NAME)";
				TARGETED_DEVICE_FAMILY = "1,2";
			};
			name = Debug;
		};
		1813051621928A05007B55BB /* Release */ = {
			isa = XCBuildConfiguration;
			buildSettings = {
				ASSETCATALOG_COMPILER_APPICON_NAME = AppIcon;
				CODE_SIGN_STYLE = Automatic;
				DEVELOPMENT_TEAM = 8N83MF6J6M;
				INFOPLIST_FILE = AVCaptureCamera/Info.plist;
				IPHONEOS_DEPLOYMENT_TARGET = 8.0;
				LD_RUNPATH_SEARCH_PATHS = (
					"$(inherited)",
					"@executable_path/Frameworks",
				);
				PRODUCT_BUNDLE_IDENTIFIER = com.ZSW.TestProject.AVCaptureCamera;
				PRODUCT_NAME = "$(TARGET_NAME)";
				TARGETED_DEVICE_FAMILY = "1,2";
			};
			name = Release;
		};
/* End XCBuildConfiguration section */

/* Begin XCConfigurationList section */
		181304F921928A03007B55BB /* Build configuration list for PBXProject "AVCaptureCamera" */ = {
			isa = XCConfigurationList;
			buildConfigurations = (
				1813051221928A05007B55BB /* Debug */,
				1813051321928A05007B55BB /* Release */,
			);
			defaultConfigurationIsVisible = 0;
			defaultConfigurationName = Release;
		};
		1813051421928A05007B55BB /* Build configuration list for PBXNativeTarget "AVCaptureCamera" */ = {
			isa = XCConfigurationList;
			buildConfigurations = (
				1813051521928A05007B55BB /* Debug */,
				1813051621928A05007B55BB /* Release */,
			);
			defaultConfigurationIsVisible = 0;
			defaultConfigurationName = Release;
		};
/* End XCConfigurationList section */
	};
	rootObject = 181304F621928A03007B55BB /* Project object */;
}
